{
  "lockfile-version": 1,
  "manifest": {
    "schema-version": "1.13.0",
    "install": {
      "go": {
        "pkg-path": "go",
        "version": "1.26"
      },
      "go-tools": {
        "pkg-path": "go-tools"
      },
      "gopls": {
        "pkg-path": "gopls"
      },
      "govulncheck": {
        "pkg-path": "govulncheck"
      }
    },
    "vars": {
      "CGO_ENABLED": "0",
      "GOTOOLCHAIN": "local"
    },
    "options": {
      "systems": [
        "aarch64-darwin",
        "aarch64-linux",
        "x86_64-linux"
      ]
    }
  },
  "packages": [
    {
      "attr_path": "go",
      "broken": false,
      "derivation": "/nix/store/zyqajpfsg5pbx8riq2218xkylyxbmm58-go-1.26.7.drv",
      "description": "Go Programming language",
      "install_id": "go",
      "license": "BSD-3-Clause",
      "locked_url": "https://github.com/flox/nixpkgs?rev=20b1ddd1aa5ace70c9468305030aa4f9ef79671b",
      "name": "go-1.26.7",
      "pname": "go",
      "rev": "20b1ddd1aa5ace70c9468305030aa4f9ef79671b",
      "rev_count": 1076192,
      "rev_date": "2026-09-19T02:38:33Z",
      "scrape_date": "2026-09-20T04:57:59.370173Z",
      "stabilities": [
        "unstable"
      ],
      "unfree": false,
      "version": "1.26.7",
      "outputs_to_install": [
        "out"
      ],
      "outputs": {
        "out": "/nix/store/ynhaddwnkhvlr6qn7scbrj1515k52gnw-go-1.26.7"
      },
      "system": "aarch64-darwin",
      "group": "toplevel",
      "priority": 5
    },
    {
      "attr_path": "go",
      "broken": false,
      "derivation": "/nix/store/a9nwjsniqhhgmvwbz45lbg1zr1n8v22g-go-1.26.7.drv",
      "description": "Go Programming language",
      "install_id": "go",
      "license": "BSD-3-Clause",
      "locked_url": "https://github.com/flox/nixpkgs?rev=20b1ddd1aa5ace70c9468305030aa4f9ef79671b",
      "name": "go-1.26.7",
      "pname": "go",
      "rev": "20b1ddd1aa5ace70c9468305030aa4f9ef79671b",
      "rev_count": 1076192,
      "rev_date": "2026-09-19T02:38:33Z",
      "scrape_date": "2026-09-20T05:30:54.330393Z",
      "stabilities": [
        "unstable"
      ],
      "unfree": false,
      "version": "1.26.7",
      "outputs_to_install": [
        "out"
      ],
      "outputs": {
        "out": "/nix/store/2bvkkxxp66zj839qmi7lp4f5l915asjd-go-1.26.7"
      },
      "system": "aarch64-linux",
      "group": "toplevel",
      "priority": 5
    },
    {
      "attr_path": "go",
      "broken": false,
      "derivation": "/nix/store/4mpjija8nbzw3zlxpbv189kliwd40z2j-go-1.26.7.drv",
      "description": "Go Programming language",
      "install_id": "go",
      "license": "BSD-3-Clause",
      "locked_url": "https://github.com/flox/nixpkgs?rev=20b1ddd1aa5ace70c9468305030aa4f9ef79671b",
      "name": "go-1.26.7",
      "pname": "go",
      "rev": "20b1ddd1aa5ace70c9468305030aa4f9ef79671b",
      "rev_count": 1076192,
      "rev_date": "2026-09-19T02:38:33Z",
      "scrape_date": "2026-09-20T06:07:13.439335Z",
      "stabilities": [
        "unstable"
      ],
      "unfree": false,
      "version": "1.26.7",
      "outputs_to_install": [
        "out"
      ],
      "outputs": {
        "out": "/nix/store/4l04h8656as4i291mpcg38wz9m4k8acp-go-1.26.7"
      },
      "system": "x86_64-linux",
      "group": "toplevel",
      "priority": 5
    },
    {
      "attr_path": "go-tools",
      "broken": false,
      "derivation": "/nix/store/8kji544s3kanxal4iggmabx438jls133-go-tools-2026.2.1.drv",
      "description": "Collection of tools and libraries for working with Go code, including linters and static analysis",
      "install_id": "go-tools",
      "license": "MIT",
      "locked_url": "https://github.com/flox/nixpkgs?rev=20b1ddd1aa5ace70c9468305030aa4f9ef79671b",
      "name": "go-tools-2026.2.1",
      "pname": "go-tools",
      "rev": "20b1ddd1aa5ace70c9468305030aa4f9ef79671b",
      "rev_count": 1076192,
      "rev_date": "2026-09-19T02:38:33Z",
      "scrape_date": "2026-09-20T04:57:59.393073Z",
      "stabilities": [
        "unstable"
      ],
      "unfree": false,
      "version": "2026.2.1",
      "outputs_to_install": [
        "out"
      ],
      "outputs": {
        "out": "/nix/store/8krraz910jasj09dxyvh7y42b0ds4n9f-go-tools-2026.2.1"
      },
      "system": "aarch64-darwin",
      "group": "toplevel",
      "priority": 5
    },
    {
      "attr_path": "go-tools",
      "broken": false,
      "derivation": "/nix/store/b3sgv1cdyl132l3wzbxx9chv9ca327w9-go-tools-2026.2.1.drv",
      "description": "Collection of tools and libraries for working with Go code, including linters and static analysis",
      "install_id": "go-tools",
      "license": "MIT",
      "locked_url": "https://github.com/flox/nixpkgs?rev=20b1ddd1aa5ace70c9468305030aa4f9ef79671b",
      "name": "go-tools-2026.2.1",
      "pname": "go-tools",
      "rev": "20b1ddd1aa5ace70c9468305030aa4f9ef79671b",
      "rev_count": 1076192,
      "rev_date": "2026-09-19T02:38:33Z",
      "scrape_date": "2026-09-20T05:30:54.365813Z",
      "stabilities": [
        "unstable"
      ],
      "unfree": false,
      "version": "2026.2.1",
      "outputs_to_install": [
        "out"
      ],
      "outputs": {
        "out": "/nix/store/sbxv2mcyp50sa8kxc51w2wdc07kszg48-go-tools-2026.2.1"
      },
      "system": "aarch64-linux",
      "group": "toplevel",
      "priority": 5
    },
    {
      "attr_path": "go-tools",
      "broken": false,
      "derivation": "/nix/store/nh7w66iwxlnch724mhs8f06qq52mlvnj-go-tools-2026.2.1.drv",
      "description": "Collection of tools and libraries for working with Go code, including linters and static analysis",
      "install_id": "go-tools",
      "license": "MIT",
      "locked_url": "https://github.com/flox/nixpkgs?rev=20b1ddd1aa5ace70c9468305030aa4f9ef79671b",
      "name": "go-tools-2026.2.1",
      "pname": "go-tools",
      "rev": "20b1ddd1aa5ace70c9468305030aa4f9ef79671b",
      "rev_count": 1076192,
      "rev_date": "2026-09-19T02:38:33Z",
      "scrape_date": "2026-09-20T06:07:13.475505Z",
      "stabilities": [
        "unstable"
      ],
      "unfree": false,
      "version": "2026.2.1",
      "outputs_to_install": [
        "out"
      ],
      "outputs": {
        "out": "/nix/store/xm3fmq7cqp3jf7q81i7lacz0y4n29v97-go-tools-2026.2.1"
      },
      "system": "x86_64-linux",
      "group": "toplevel",
      "priority": 5
    },
    {
      "attr_path": "gopls",
      "broken": false,
      "derivation": "/nix/store/fa70rd506xibh6j213ji928ibqkp65yb-gopls-0.23.0.drv",
      "description": "Official language server for the Go language",
      "install_id": "gopls",
      "license": "BSD-3-Clause",
      "locked_url": "https://github.com/flox/nixpkgs?rev=20b1ddd1aa5ace70c9468305030aa4f9ef79671b",
      "name": "gopls-0.23.0",
      "pname": "gopls",
      "rev": "20b1ddd1aa5ace70c9468305030aa4f9ef79671b",
      "rev_count": 1076192,
      "rev_date": "2026-09-19T02:38:33Z",
      "scrape_date": "2026-09-20T04:57:59.460076Z",
      "stabilities": [
        "unstable"
      ],
      "unfree": false,
      "version": "0.23.0",
      "outputs_to_install": [
        "out"
      ],
      "outputs": {
        "out": "/nix/store/p5lfq306nsm8c9x42gs9nkgzrkkcc8f8-gopls-0.23.0"
      },
      "system": "aarch64-darwin",
      "group": "toplevel",
      "priority": 5
    },
    {
      "attr_path": "gopls",
      "broken": false,
      "derivation": "/nix/store/pfnay79jb499jp1hz85j5w80ch8vr10p-gopls-0.23.0.drv",
      "description": "Official language server for the Go language",
      "install_id": "gopls",
      "license": "BSD-3-Clause",
      "locked_url": "https://github.com/flox/nixpkgs?rev=20b1ddd1aa5ace70c9468305030aa4f9ef79671b",
      "name": "gopls-0.23.0",
      "pname": "gopls",
      "rev": "20b1ddd1aa5ace70c9468305030aa4f9ef79671b",
      "rev_count": 1076192,
      "rev_date": "2026-09-19T02:38:33Z",
      "scrape_date": "2026-09-20T05:30:54.483269Z",
      "stabilities": [
        "unstable"
      ],
      "unfree": false,
      "version": "0.23.0",
      "outputs_to_install": [
        "out"
      ],
      "outputs": {
        "out": "/nix/store/hc1fqlx6cbqvdl3vwxc6jbhxb94r3xfw-gopls-0.23.0"
      },
      "system": "aarch64-linux",
      "group": "toplevel",
      "priority": 5
    },
    {
      "attr_path": "gopls",
      "broken": false,
      "derivation": "/nix/store/l0j9w680w9iqf9jpdp06vv6wzzyihjlg-gopls-0.23.0.drv",
      "description": "Official language server for the Go language",
      "install_id": "gopls",
      "license": "BSD-3-Clause",
      "locked_url": "https://github.com/flox/nixpkgs?rev=20b1ddd1aa5ace70c9468305030aa4f9ef79671b",
      "name": "gopls-0.23.0",
      "pname": "gopls",
      "rev": "20b1ddd1aa5ace70c9468305030aa4f9ef79671b",
      "rev_count": 1076192,
      "rev_date": "2026-09-19T02:38:33Z",
      "scrape_date": "2026-09-20T06:07:13.594578Z",
      "stabilities": [
        "unstable"
      ],
      "unfree": false,
      "version": "0.23.0",
      "outputs_to_install": [
        "out"
      ],
      "outputs": {
        "out": "/nix/store/a8362xqnzxwhdpbdhfq6q5s1afh7xxyw-gopls-0.23.0"
      },
      "system": "x86_64-linux",
      "group": "toplevel",
      "priority": 5
    },
    {
      "attr_path": "govulncheck",
      "broken": false,
      "derivation": "/nix/store/4lv4wgwsfk67a8vsa82h922k1bcwf610-govulncheck-1.8.0.drv",
      "description": "Database client and tools for the Go vulnerability database, also known as vuln",
      "install_id": "govulncheck",
      "license": "BSD-3-Clause",
      "locked_url": "https://github.com/flox/nixpkgs?rev=20b1ddd1aa5ace70c9468305030aa4f9ef79671b",
      "name": "govulncheck-1.8.0",
      "pname": "govulncheck",
      "rev": "20b1ddd1aa5ace70c9468305030aa4f9ef79671b",
      "rev_count": 1076192,
      "rev_date": "2026-09-19T02:38:33Z",
      "scrape_date": "2026-09-20T04:57:59.482320Z",
      "stabilities": [
        "unstable"
      ],
      "unfree": false,
      "version": "1.8.0",
      "outputs_to_install": [
        "out"
      ],
      "outputs": {
        "out": "/nix/store/qgrixs41d3w1iyh62a5l8jm2yzc3d39r-govulncheck-1.8.0"
      },
      "system": "aarch64-darwin",
      "group": "toplevel",
      "priority": 5
    },
    {
      "attr_path": "govulncheck",
      "broken": false,
      "derivation": "/nix/store/y578l9c464y0vg2myv6gyj6dw2nhbsyh-govulncheck-1.8.0.drv",
      "description": "Database client and tools for the Go vulnerability database, also known as vuln",
      "install_id": "govulncheck",
      "license": "BSD-3-Clause",
      "locked_url": "https://github.com/flox/nixpkgs?rev=20b1ddd1aa5ace70c9468305030aa4f9ef79671b",
      "name": "govulncheck-1.8.0",
      "pname": "govulncheck",
      "rev": "20b1ddd1aa5ace70c9468305030aa4f9ef79671b",
      "rev_count": 1076192,
      "rev_date": "2026-09-19T02:38:33Z",
      "scrape_date": "2026-09-20T05:30:54.517861Z",
      "stabilities": [
        "unstable"
      ],
      "unfree": false,
      "version": "1.8.0",
      "outputs_to_install": [
        "out"
      ],
      "outputs": {
        "out": "/nix/store/gkvgsga9c0p9g5dzcwazr9c8x9zrb8ih-govulncheck-1.8.0"
      },
      "system": "aarch64-linux",
      "group": "toplevel",
      "priority": 5
    },
    {
      "attr_path": "govulncheck",
      "broken": false,
      "derivation": "/nix/store/1hkzjy1x7a5mwmshjgnlm562rl8myycy-govulncheck-1.8.0.drv",
      "description": "Database client and tools for the Go vulnerability database, also known as vuln",
      "install_id": "govulncheck",
      "license": "BSD-3-Clause",
      "locked_url": "https://github.com/flox/nixpkgs?rev=20b1ddd1aa5ace70c9468305030aa4f9ef79671b",
      "name": "govulncheck-1.8.0",
      "pname": "govulncheck",
      "rev": "20b1ddd1aa5ace70c9468305030aa4f9ef79671b",
      "rev_count": 1076192,
      "rev_date": "2026-09-19T02:38:33Z",
      "scrape_date": "2026-09-20T06:07:13.627954Z",
      "stabilities": [
        "unstable"
      ],
      "unfree": false,
      "version": "1.8.0",
      "outputs_to_install": [
        "out"
      ],
      "outputs": {
        "out": "/nix/store/hspy4kw06rj8dg0j72xhwk9kwkwsjx1w-govulncheck-1.8.0"
      },
      "system": "x86_64-linux",
      "group": "toplevel",
      "priority": 5
    }
  ]
}
